// !$*UTF8*$!
{
	archiveVersion = 1;
	classes = {
	};
	objectVersion = 56;
	objects = {

/* Begin PBXBuildFile section */
		047668DB2C88CA910005E6A1 /* Result.swift in Sources */ = {isa = PBXBuildFile; fileRef = 047668DA2C88CA910005E6A1 /* Result.swift */; };
		04A3F9AE2C84749200E25CDB /* QuizGame2App.swift in Sources */ = {isa = PBXBuildFile; fileRef = 04A3F9AD2C84749200E25CDB /* QuizGame2App.swift */; };
		04A3F9B02C84749200E25CDB /* QuestionView.swift in Sources */ = {isa = PBXBuildFile; fileRef = 04A3F9AF2C84749200E25CDB /* QuestionView.swift */; };
		04A3F9B22C84749500E25CDB /* Assets.xcassets in Resources */ = {isa = PBXBuildFile; fileRef = 04A3F9B12C84749500E25CDB /* Assets.xcassets */; };
		04A3F9B52C84749500E25CDB /* Preview Assets.xcassets in Resources */ = {isa = PBXBuildFile; fileRef = 04A3F9B42C84749500E25CDB /* Preview Assets.xcassets */; };
		04A3F9BD2C848C3900E25CDB /* Quiz.swift in Sources */ = {isa = PBXBuildFile; fileRef = 04A3F9BC2C848C3900E25CDB /* Quiz.swift */; };
		04A3F9BF2C848CB100E25CDB /* QuizModel.swift in Sources */ = {isa = PBXBuildFile; fileRef = 04A3F9BE2C848CB100E25CDB /* QuizModel.swift */; };
		04A3F9C82C84977300E25CDB /* QuizMainView.swift in Sources */ = {isa = PBXBuildFile; fileRef = 04A3F9C72C84977300E25CDB /* QuizMainView.swift */; };
		04A3F9CA2C849B8100E25CDB /* customSegmentedController.swift in Sources */ = {isa = PBXBuildFile; fileRef = 04A3F9C92C849B8100E25CDB /* customSegmentedController.swift */; };
		04A3F9CC2C84B87100E25CDB /* CategoryView.swift in Sources */ = {isa = PBXBuildFile; fileRef = 04A3F9CB2C84B87100E25CDB /* CategoryView.swift */; };
		04A3F9CE2C84E1FE00E25CDB /* ResultView.swift in Sources */ = {isa = PBXBuildFile; fileRef = 04A3F9CD2C84E1FE00E25CDB /* ResultView.swift */; };
/* End PBXBuildFile section */

/* Begin PBXFileReference section */
		047668DA2C88CA910005E6A1 /* Result.swift */ = {isa = PBXFileReference; lastKnownFileType = sourcecode.swift; path = Result.swift; sourceTree = "<group>"; };
		04A3F9AA2C84749200E25CDB /* QuizGame2.app */ = {isa = PBXFileReference; explicitFileType = wrapper.application; includeInIndex = 0; path = QuizGame2.app; sourceTree = BUILT_PRODUCTS_DIR; };
		04A3F9AD2C84749200E25CDB /* QuizGame2App.swift */ = {isa = PBXFileReference; lastKnownFileType = sourcecode.swift; path = QuizGame2App.swift; sourceTree = "<group>"; };
		04A3F9AF2C84749200E25CDB /* QuestionView.swift */ = {isa = PBXFileReference; lastKnownFileType = sourcecode.swift; path = QuestionView.swift; sourceTree = "<group>"; };
		04A3F9B12C84749500E25CDB /* Assets.xcassets */ = {isa = PBXFileReference; lastKnownFileType = folder.assetcatalog; path = Assets.xcassets; sourceTree = "<group>"; };
		04A3F9B42C84749500E25CDB /* Preview Assets.xcassets */ = {isa = PBXFileReference; lastKnownFileType = folder.assetcatalog; path = "Preview Assets.xcassets"; sourceTree = "<group>"; };
		04A3F9BC2C848C3900E25CDB /* Quiz.swift */ = {isa = PBXFileReference; lastKnownFileType = sourcecode.swift; path = Quiz.swift; sourceTree = "<group>"; };
		04A3F9BE2C848CB100E25CDB /* QuizModel.swift */ = {isa = PBXFileReference; lastKnownFileType = sourcecode.swift; path = QuizModel.swift; sourceTree = "<group>"; };
		04A3F9C72C84977300E25CDB /* QuizMainView.swift */ = {isa = PBXFileReference; lastKnownFileType = sourcecode.swift; path = QuizMainView.swift; sourceTree = "<group>"; };
		04A3F9C92C849B8100E25CDB /* customSegmentedController.swift */ = {isa = PBXFileReference; lastKnownFileType = sourcecode.swift; path = customSegmentedController.swift; sourceTree = "<group>"; };
		04A3F9CB2C84B87100E25CDB /* CategoryView.swift */ = {isa = PBXFileReference; lastKnownFileType = sourcecode.swift; path = CategoryView.swift; sourceTree = "<group>"; };
		04A3F9CD2C84E1FE00E25CDB /* ResultView.swift */ = {isa = PBXFileReference; lastKnownFileType = sourcecode.swift; path = ResultView.swift; sourceTree = "<group>"; };
/* End PBXFileReference section */

/* Begin PBXFrameworksBuildPhase section */
		04A3F9A72C84749200E25CDB /* Frameworks */ = {
			isa = PBXFrameworksBuildPhase;
			buildActionMask = 2147483647;
			files = (
			);
			runOnlyForDeploymentPostprocessing = 0;
		};
/* End PBXFrameworksBuildPhase section */

/* Begin PBXGroup section */
		04A3F9A12C84749200E25CDB = {
			isa = PBXGroup;
			children = (
				04A3F9AC2C84749200E25CDB /* QuizGame2 */,
				04A3F9AB2C84749200E25CDB /* Products */,
			);
			sourceTree = "<group>";
		};
		04A3F9AB2C84749200E25CDB /* Products */ = {
			isa = PBXGroup;
			children = (
				04A3F9AA2C84749200E25CDB /* QuizGame2.app */,
			);
			name = Products;
			sourceTree = "<group>";
		};
		04A3F9AC2C84749200E25CDB /* QuizGame2 */ = {
			isa = PBXGroup;
			children = (
				04A3F9C02C8491AC00E25CDB /* Views */,
				04A3F9BB2C848BF600E25CDB /* Models */,
				04A3F9AD2C84749200E25CDB /* QuizGame2App.swift */,
				04A3F9B12C84749500E25CDB /* Assets.xcassets */,
				04A3F9B32C84749500E25CDB /* Preview Content */,
			);
			path = QuizGame2;
			sourceTree = "<group>";
		};
		04A3F9B32C84749500E25CDB /* Preview Content */ = {
			isa = PBXGroup;
			children = (
				04A3F9B42C84749500E25CDB /* Preview Assets.xcassets */,
			);
			path = "Preview Content";
			sourceTree = "<group>";
		};
		04A3F9BB2C848BF600E25CDB /* Models */ = {
			isa = PBXGroup;
			children = (
				04A3F9BC2C848C3900E25CDB /* Quiz.swift */,
				04A3F9BE2C848CB100E25CDB /* QuizModel.swift */,
				047668DA2C88CA910005E6A1 /* Result.swift */,
			);
			path = Models;
			sourceTree = "<group>";
		};
		04A3F9C02C8491AC00E25CDB /* Views */ = {
			isa = PBXGroup;
			children = (
				04A3F9AF2C84749200E25CDB /* QuestionView.swift */,
				04A3F9CD2C84E1FE00E25CDB /* ResultView.swift */,
				04A3F9C72C84977300E25CDB /* QuizMainView.swift */,
				04A3F9CB2C84B87100E25CDB /* CategoryView.swift */,
				04A3F9C92C849B8100E25CDB /* customSegmentedController.swift */,
			);
			path = Views;
			sourceTree = "<group>";
		};
/* End PBXGroup section */

/* Begin PBXNativeTarget section */
		04A3F9A92C84749200E25CDB /* QuizGame2 */ = {
			isa = PBXNativeTarget;
			buildConfigurationList = 04A3F9B82C84749500E25CDB /* Build configuration list for PBXNativeTarget "QuizGame2" */;
			buildPhases = (
				04A3F9A62C84749200E25CDB /* Sources */,
				04A3F9A72C84749200E25CDB /* Frameworks */,
				04A3F9A82C84749200E25CDB /* Resources */,
			);
			buildRules = (
			);
			dependencies = (
			);
			name = QuizGame2;
			productName = QuizGame2;
			productReference = 04A3F9AA2C84749200E25CDB /* QuizGame2.app */;
			productType = "com.apple.product-type.application";
		};
/* End PBXNativeTarget section */

/* Begin PBXProject section */
		04A3F9A22C84749200E25CDB /* Project object */ = {
			isa = PBXProject;
			attributes = {
				BuildIndependentTargetsInParallel = 1;
				LastSwiftUpdateCheck = 1540;
				LastUpgradeCheck = 1540;
				TargetAttributes = {
					04A3F9A92C84749200E25CDB = {
						CreatedOnToolsVersion = 15.4;
					};
				};
			};
			buildConfigurationList = 04A3F9A52C84749200E25CDB /* Build configuration list for PBXProject "QuizGame2" */;
			compatibilityVersion = "Xcode 14.0";
			developmentRegion = en;
			hasScannedForEncodings = 0;
			knownRegions = (
				en,
				Base,
			);
			mainGroup = 04A3F9A12C84749200E25CDB;
			productRefGroup = 04A3F9AB2C84749200E25CDB /* Products */;
			projectDirPath = "";
			projectRoot = "";
			targets = (
				04A3F9A92C84749200E25CDB /* QuizGame2 */,
			);
		};
/* End PBXProject section */

/* Begin PBXResourcesBuildPhase section */
		04A3F9A82C84749200E25CDB /* Resources */ = {
			isa = PBXResourcesBuildPhase;
			buildActionMask = 2147483647;
			files = (
				04A3F9B52C84749500E25CDB /* Preview Assets.xcassets in Resources */,
				04A3F9B22C84749500E25CDB /* Assets.xcassets in Resources */,
			);
			runOnlyForDeploymentPostprocessing = 0;
		};
/* End PBXResourcesBuildPhase section */

/* Begin PBXSourcesBuildPhase section */
		04A3F9A62C84749200E25CDB /* Sources */ = {
			isa = PBXSourcesBuildPhase;
			buildActionMask = 2147483647;
			files = (
				047668DB2C88CA910005E6A1 /* Result.swift in Sources */,
				04A3F9C82C84977300E25CDB /* QuizMainView.swift in Sources */,
				04A3F9CA2C849B8100E25CDB /* customSegmentedController.swift in Sources */,
				04A3F9BF2C848CB100E25CDB /* QuizModel.swift in Sources */,
				04A3F9B02C84749200E25CDB /* QuestionView.swift in Sources */,
				04A3F9AE2C84749200E25CDB /* QuizGame2App.swift in Sources */,
				04A3F9CE2C84E1FE00E25CDB /* ResultView.swift in Sources */,
				04A3F9BD2C848C3900E25CDB /* Quiz.swift in Sources */,
				04A3F9CC2C84B87100E25CDB /* CategoryView.swift in Sources */,
			);
			runOnlyForDeploymentPostprocessing = 0;
		};
/* End PBXSourcesBuildPhase section */

/* Begin XCBuildConfiguration section */
		04A3F9B62C84749500E25CDB /* Debug */ = {
			isa = XCBuildConfiguration;
			buildSettings = {
				ALWAYS_SEARCH_USER_PATHS = NO;
				ASSETCATALOG_COMPILER_GENERATE_SWIFT_ASSET_SYMBOL_EXTENSIONS = YES;
				CLANG_ANALYZER_NONNULL = YES;
				CLANG_ANALYZER_NUMBER_OBJECT_CONVERSION = YES_AGGRESSIVE;
				CLANG_CXX_LANGUAGE_STANDARD = "gnu++20";
				CLANG_ENABLE_MODULES = YES;
				CLANG_ENABLE_OBJC_ARC = YES;
				CLANG_ENABLE_OBJC_WEAK = YES;
				CLANG_WARN_BLOCK_CAPTURE_AUTORELEASING = YES;
				CLANG_WARN_BOOL_CONVERSION = YES;
				CLANG_WARN_COMMA = YES;
				CLANG_WARN_CONSTANT_CONVERSION = YES;
				CLANG_WARN_DEPRECATED_OBJC_IMPLEMENTATIONS = YES;
				CLANG_WARN_DIRECT_OBJC_ISA_USAGE = YES_ERROR;
				CLANG_WARN_DOCUMENTATION_COMMENTS = YES;
				CLANG_WARN_EMPTY_BODY = YES;
				CLANG_WARN_ENUM_CONVERSION = YES;
				CLANG_WARN_INFINITE_RECURSION = YES;
				CLANG_WARN_INT_CONVERSION = YES;
				CLANG_WARN_NON_LITERAL_NULL_CONVERSION = YES;
				CLANG_WARN_OBJC_IMPLICIT_RETAIN_SELF = YES;
				CLANG_WARN_OBJC_LITERAL_CONVERSION = YES;
				CLANG_WARN_OBJC_ROOT_CLASS = YES_ERROR;
				CLANG_WARN_QUOTED_INCLUDE_IN_FRAMEWORK_HEADER = YES;
				CLANG_WARN_RANGE_LOOP_ANALYSIS = YES;
				CLANG_WARN_STRICT_PROTOTYPES = YES;
				CLANG_WARN_SUSPICIOUS_MOVE = YES;
				CLANG_WARN_UNGUARDED_AVAILABILITY = YES_AGGRESSIVE;
				CLANG_WARN_UNREACHABLE_CODE = YES;
				CLANG_WARN__DUPLICATE_METHOD_MATCH = YES;
				COPY_PHASE_STRIP = NO;
				DEBUG_INFORMATION_FORMAT = dwarf;
				ENABLE_STRICT_OBJC_MSGSEND = YES;
				ENABLE_TESTABILITY = YES;
				ENABLE_USER_SCRIPT_SANDBOXING = YES;
				GCC_C_LANGUAGE_STANDARD = gnu17;
				GCC_DYNAMIC_NO_PIC = NO;
				GCC_NO_COMMON_BLOCKS = YES;
				GCC_OPTIMIZATION_LEVEL = 0;
				GCC_PREPROCESSOR_DEFINITIONS = (
					"DEBUG=1",
					"$(inherited)",
				);
				GCC_WARN_64_TO_32_BIT_CONVERSION = YES;
				GCC_WARN_ABOUT_RETURN_TYPE = YES_ERROR;
				GCC_WARN_UNDECLARED_SELECTOR = YES;
				GCC_WARN_UNINITIALIZED_AUTOS = YES_AGGRESSIVE;
				GCC_WARN_UNUSED_FUNCTION = YES;
				GCC_WARN_UNUSED_VARIABLE = YES;
				IPHONEOS_DEPLOYMENT_TARGET = 17.5;
				LOCALIZATION_PREFERS_STRING_CATALOGS = YES;
				MTL_ENABLE_DEBUG_INFO = INCLUDE_SOURCE;
				MTL_FAST_MATH = YES;
				ONLY_ACTIVE_ARCH = YES;
				SDKROOT = iphoneos;
				SWIFT_ACTIVE_COMPILATION_CONDITIONS = "DEBUG $(inherited)";
				SWIFT_OPTIMIZATION_LEVEL = "-Onone";
			};
			name = Debug;
		};
		04A3F9B72C84749500E25CDB /* Release */ = {
			isa = XCBuildConfiguration;
			buildSettings = {
				ALWAYS_SEARCH_USER_PATHS = NO;
				ASSETCATALOG_COMPILER_GENERATE_SWIFT_ASSET_SYMBOL_EXTENSIONS = YES;
				CLANG_ANALYZER_NONNULL = YES;
				CLANG_ANALYZER_NUMBER_OBJECT_CONVERSION = YES_AGGRESSIVE;
				CLANG_CXX_LANGUAGE_STANDARD = "gnu++20";
				CLANG_ENABLE_MODULES = YES;
				CLANG_ENABLE_OBJC_ARC = YES;
				CLANG_ENABLE_OBJC_WEAK = YES;
				CLANG_WARN_BLOCK_CAPTURE_AUTORELEASING = YES;
				CLANG_WARN_BOOL_CONVERSION = YES;
				CLANG_WARN_COMMA = YES;
				CLANG_WARN_CONSTANT_CONVERSION = YES;
				CLANG_WARN_DEPRECATED_OBJC_IMPLEMENTATIONS = YES;
				CLANG_WARN_DIRECT_OBJC_ISA_USAGE = YES_ERROR;
				CLANG_WARN_DOCUMENTATION_COMMENTS = YES;
				CLANG_WARN_EMPTY_BODY = YES;
				CLANG_WARN_ENUM_CONVERSION = YES;
				CLANG_WARN_INFINITE_RECURSION = YES;
				CLANG_WARN_INT_CONVERSION = YES;
				CLANG_WARN_NON_LITERAL_NULL_CONVERSION = YES;
				CLANG_WARN_OBJC_IMPLICIT_RETAIN_SELF = YES;
				CLANG_WARN_OBJC_LITERAL_CONVERSION = YES;
				CLANG_WARN_OBJC_ROOT_CLASS = YES_ERROR;
				CLANG_WARN_QUOTED_INCLUDE_IN_FRAMEWORK_HEADER = YES;
				CLANG_WARN_RANGE_LOOP_ANALYSIS = YES;
				CLANG_WARN_STRICT_PROTOTYPES = YES;
				CLANG_WARN_SUSPICIOUS_MOVE = YES;
				CLANG_WARN_UNGUARDED_AVAILABILITY = YES_AGGRESSIVE;
				CLANG_WARN_UNREACHABLE_CODE = YES;
				CLANG_WARN__DUPLICATE_METHOD_MATCH = YES;
				COPY_PHASE_STRIP = NO;
				DEBUG_INFORMATION_FORMAT = "dwarf-with-dsym";
				ENABLE_NS_ASSERTIONS = NO;
				ENABLE_STRICT_OBJC_MSGSEND = YES;
				ENABLE_USER_SCRIPT_SANDBOXING = YES;
				GCC_C_LANGUAGE_STANDARD = gnu17;
				GCC_NO_COMMON_BLOCKS = YES;
				GCC_WARN_64_TO_32_BIT_CONVERSION = YES;
				GCC_WARN_ABOUT_RETURN_TYPE = YES_ERROR;
				GCC_WARN_UNDECLARED_SELECTOR = YES;
				GCC_WARN_UNINITIALIZED_AUTOS = YES_AGGRESSIVE;
				GCC_WARN_UNUSED_FUNCTION = YES;
				GCC_WARN_UNUSED_VARIABLE = YES;
				IPHONEOS_DEPLOYMENT_TARGET = 17.5;
				LOCALIZATION_PREFERS_STRING_CATALOGS = YES;
				MTL_ENABLE_DEBUG_INFO = NO;
				MTL_FAST_MATH = YES;
				SDKROOT = iphoneos;
				SWIFT_COMPILATION_MODE = wholemodule;
				VALIDATE_PRODUCT = YES;
			};
			name = Release;
		};
		04A3F9B92C84749500E25CDB /* Debug */ = {
			isa = XCBuildConfiguration;
			buildSettings = {
				ASSETCATALOG_COMPILER_APPICON_NAME = AppIcon;
				ASSETCATALOG_COMPILER_GLOBAL_ACCENT_COLOR_NAME = AccentColor;
				CODE_SIGN_STYLE = Automatic;
				CURRENT_PROJECT_VERSION = 1;
				DEVELOPMENT_ASSET_PATHS = "\"QuizGame2/Preview Content\"";
				DEVELOPMENT_TEAM = WU9V9JTLDM;
				ENABLE_PREVIEWS = YES;
				GENERATE_INFOPLIST_FILE = YES;
				INFOPLIST_KEY_CFBundleDisplayName = "Quiz Game";
				INFOPLIST_KEY_LSApplicationCategoryType = "public.app-category.trivia-games";
				INFOPLIST_KEY_UIApplicationSceneManifest_Generation = YES;
				INFOPLIST_KEY_UIApplicationSupportsIndirectInputEvents = YES;
				INFOPLIST_KEY_UILaunchScreen_Generation = YES;
				INFOPLIST_KEY_UISupportedInterfaceOrientations_iPad = "UIInterfaceOrientationPortrait UIInterfaceOrientationPortraitUpsideDown UIInterfaceOrientationLandscapeLeft UIInterfaceOrientationLandscapeRight";
				INFOPLIST_KEY_UISupportedInterfaceOrientations_iPhone = "UIInterfaceOrientationPortrait UIInterfaceOrientationLandscapeLeft UIInterfaceOrientationLandscapeRight";
				IPHONEOS_DEPLOYMENT_TARGET = 16.0;
				LD_RUNPATH_SEARCH_PATHS = (
					"$(inherited)",
					"@executable_path/Frameworks",
				);
				MARKETING_VERSION = 1.0;
				PRODUCT_BUNDLE_IDENTIFIER = firatoren.QuizGame2;
				PRODUCT_NAME = "$(TARGET_NAME)";
				SWIFT_EMIT_LOC_STRINGS = YES;
				SWIFT_VERSION = 5.0;
				TARGETED_DEVICE_FAMILY = "1,2";
			};
			name = Debug;
		};
		04A3F9BA2C84749500E25CDB /* Release */ = {
			isa = XCBuildConfiguration;
			buildSettings = {
				ASSETCATALOG_COMPILER_APPICON_NAME = AppIcon;
				ASSETCATALOG_COMPILER_GLOBAL_ACCENT_COLOR_NAME = AccentColor;
				CODE_SIGN_STYLE = Automatic;
				CURRENT_PROJECT_VERSION = 1;
				DEVELOPMENT_ASSET_PATHS = "\"QuizGame2/Preview Content\"";
				DEVELOPMENT_TEAM = WU9V9JTLDM;
				ENABLE_PREVIEWS = YES;
				GENERATE_INFOPLIST_FILE = YES;
				INFOPLIST_KEY_CFBundleDisplayName = "Quiz Game";
				INFOPLIST_KEY_LSApplicationCategoryType = "public.app-category.trivia-games";
				INFOPLIST_KEY_UIApplicationSceneManifest_Generation = YES;
				INFOPLIST_KEY_UIApplicationSupportsIndirectInputEvents = YES;
				INFOPLIST_KEY_UILaunchScreen_Generation = YES;
				INFOPLIST_KEY_UISupportedInterfaceOrientations_iPad = "UIInterfaceOrientationPortrait UIInterfaceOrientationPortraitUpsideDown UIInterfaceOrientationLandscapeLeft UIInterfaceOrientationLandscapeRight";
				INFOPLIST_KEY_UISupportedInterfaceOrientations_iPhone = "UIInterfaceOrientationPortrait UIInterfaceOrientationLandscapeLeft UIInterfaceOrientationLandscapeRight";
				IPHONEOS_DEPLOYMENT_TARGET = 16.0;
				LD_RUNPATH_SEARCH_PATHS = (
					"$(inherited)",
					"@executable_path/Frameworks",
				);
				MARKETING_VERSION = 1.0;
				PRODUCT_BUNDLE_IDENTIFIER = firatoren.QuizGame2;
				PRODUCT_NAME = "$(TARGET_NAME)";
				SWIFT_EMIT_LOC_STRINGS = YES;
				SWIFT_VERSION = 5.0;
				TARGETED_DEVICE_FAMILY = "1,2";
			};
			name = Release;
		};
/* End XCBuildConfiguration section */

/* Begin XCConfigurationList section */
		04A3F9A52C84749200E25CDB /* Build configuration list for PBXProject "QuizGame2" */ = {
			isa = XCConfigurationList;
			buildConfigurations = (
				04A3F9B62C84749500E25CDB /* Debug */,
				04A3F9B72C84749500E25CDB /* Release */,
			);
			defaultConfigurationIsVisible = 0;
			defaultConfigurationName = Release;
		};
		04A3F9B82C84749500E25CDB /* Build configuration list for PBXNativeTarget "QuizGame2" */ = {
			isa = XCConfigurationList;
			buildConfigurations = (
				04A3F9B92C84749500E25CDB /* Debug */,
				04A3F9BA2C84749500E25CDB /* Release */,
			);
			defaultConfigurationIsVisible = 0;
			defaultConfigurationName = Release;
		};
/* End XCConfigurationList section */
	};
	rootObject = 04A3F9A22C84749200E25CDB /* Project object */;
}
